
Microsoft Visual Studio Solution File, Format Version 12.00
# Visual Studio 15
VisualStudioVersion = 15.0.27004.2010
MinimumVisualStudioVersion = 10.0.40219.1
Project("{8BC9CEB8-8B4A-11D0-8D11-00A0C91BC942}") = "stringmatchimpro", "stringmatchimpro\stringmatchimpro.vcxproj", "{5D0DBD77-5D44-46C2-B304-7715D9B338BD}"
EndProject
Global
	GlobalSection(SolutionConfigurationPlatforms) = preSolution
		Debug|x64 = Debug|x64
		Debug|x86 = Debug|x86
		Release|x64 = Release|x64
		Release|x86 = Release|x86
	EndGlobalSection
	GlobalSection(ProjectConfigurationPlatforms) = postSolution
		{5D0DBD77-5D44-46C2-B304-7715D9B338BD}.Debug|x64.ActiveCfg = Debug|x64
		{5D0DBD77-5D44-46C2-B304-7715D9B338BD}.Debug|x64.Build.0 = Debug|x64
		{5D0DBD77-5D44-46C2-B304-7715D9B338BD}.Debug|x86.ActiveCfg = Debug|Win32
		{5D0DBD77-5D44-46C2-B304-7715D9B338BD}.Debug|x86.Build.0 = Debug|Win32
		{5D0DBD77-5D44-46C2-B304-7715D9B338BD}.Release|x64.ActiveCfg = Release|x64
		{5D0DBD77-5D44-46C2-B304-7715D9B338BD}.Release|x64.Build.0 = Release|x64
		{5D0DBD77-5D44-46C2-B304-7715D9B338BD}.Release|x86.ActiveCfg = Release|Win32
		{5D0DBD77-5D44-46C2-B304-7715D9B338BD}.Release|x86.Build.0 = Release|Win32
	EndGlobalSection
	GlobalSection(SolutionProperties) = preSolution
		HideSolutionNode = FALSE
	EndGlobalSection
	GlobalSection(ExtensibilityGlobals) = postSolution
		SolutionGuid = {BF19C0B1-640D-4382-8AB6-D89849D2DC3D}
	EndGlobalSection
EndGlobal
